
Microsoft Visual Studio Solution File, Format Version 12.00
# Visual Studio Version 17
VisualStudioVersion = 17.10.34928.147
MinimumVisualStudioVersion = 10.0.40219.1
Project("{FAE04EC0-301F-11D3-BF4B-00C04F79EFBC}") = "VMF_PathExtractor", "VMF_PathExtractor\VMF_PathExtractor.csproj", "{A7B6E0F1-387B-4919-B1EF-576A4E91C82D}"
EndProject
Global
	GlobalSection(SolutionConfigurationPlatforms) = preSolution
		Debug|Any CPU = Debug|Any CPU
		Release|Any CPU = Release|Any CPU
	EndGlobalSection
	GlobalSection(ProjectConfigurationPlatforms) = postSolution
		{A7B6E0F1-387B-4919-B1EF-576A4E91C82D}.Debug|Any CPU.ActiveCfg = Debug|Any CPU
		{A7B6E0F1-387B-4919-B1EF-576A4E91C82D}.Debug|Any CPU.Build.0 = Debug|Any CPU
		{A7B6E0F1-387B-4919-B1EF-576A4E91C82D}.Release|Any CPU.ActiveCfg = Release|Any CPU
		{A7B6E0F1-387B-4919-B1EF-576A4E91C82D}.Release|Any CPU.Build.0 = Release|Any CPU
	EndGlobalSection
	GlobalSection(SolutionProperties) = preSolution
		HideSolutionNode = FALSE
	EndGlobalSection
	GlobalSection(ExtensibilityGlobals) = postSolution
		SolutionGuid = {84608E75-59C6-47F9-B3D7-39C781686A9D}
	EndGlobalSection
EndGlobal
